
Microsoft Visual Studio Solution File, Format Version 12.00
# Visual Studio Version 16
VisualStudioVersion = 16.0.29102.190
MinimumVisualStudioVersion = 10.0.40219.1
Project("{FAE04EC0-301F-11D3-BF4B-00C04F79EFBC}") = "CIBApp.Android", "CIBApp\CIBApp.Android\CIBApp.Android.csproj", "{973E2B01-4D4D-4139-9EAE-69B362A6BC71}"
EndProject
Project("{FAE04EC0-301F-11D3-BF4B-00C04F79EFBC}") = "CIBApp.iOS", "CIBApp\CIBApp.iOS\CIBApp.iOS.csproj", "{2F32328E-E4E8-4C7E-883B-EEDA9A641AC9}"
EndProject
Project("{FAE04EC0-301F-11D3-BF4B-00C04F79EFBC}") = "CIBApp", "CIBApp\CIBApp\CIBApp.csproj", "{B405B8FC-AB09-42BB-9172-5C9030ABF1BD}"
EndProject
Global
	GlobalSection(SolutionConfigurationPlatforms) = preSolution
		Debug|Any CPU = Debug|Any CPU
		Debug|iPhone = Debug|iPhone
		Debug|iPhoneSimulator = Debug|iPhoneSimulator
		Release|Any CPU = Release|Any CPU
		Release|iPhone = Release|iPhone
		Release|iPhoneSimulator = Release|iPhoneSimulator
	EndGlobalSection
	GlobalSection(ProjectConfigurationPlatforms) = postSolution
		{973E2B01-4D4D-4139-9EAE-69B362A6BC71}.Debug|Any CPU.ActiveCfg = Debug|Any CPU
		{973E2B01-4D4D-4139-9EAE-69B362A6BC71}.Debug|Any CPU.Build.0 = Debug|Any CPU
		{973E2B01-4D4D-4139-9EAE-69B362A6BC71}.Debug|Any CPU.Deploy.0 = Debug|Any CPU
		{973E2B01-4D4D-4139-9EAE-69B362A6BC71}.Debug|iPhone.ActiveCfg = Debug|Any CPU
		{973E2B01-4D4D-4139-9EAE-69B362A6BC71}.Debug|iPhone.Build.0 = Debug|Any CPU
		{973E2B01-4D4D-4139-9EAE-69B362A6BC71}.Debug|iPhone.Deploy.0 = Debug|Any CPU
		{973E2B01-4D4D-4139-9EAE-69B362A6BC71}.Debug|iPhoneSimulator.ActiveCfg = Debug|Any CPU
		{973E2B01-4D4D-4139-9EAE-69B362A6BC71}.Debug|iPhoneSimulator.Build.0 = Debug|Any CPU
		{973E2B01-4D4D-4139-9EAE-69B362A6BC71}.Debug|iPhoneSimulator.Deploy.0 = Debug|Any CPU
		{973E2B01-4D4D-4139-9EAE-69B362A6BC71}.Release|Any CPU.ActiveCfg = Release|Any CPU
		{973E2B01-4D4D-4139-9EAE-69B362A6BC71}.Release|Any CPU.Build.0 = Release|Any CPU
		{973E2B01-4D4D-4139-9EAE-69B362A6BC71}.Release|Any CPU.Deploy.0 = Release|Any CPU
		{973E2B01-4D4D-4139-9EAE-69B362A6BC71}.Release|iPhone.ActiveCfg = Release|Any CPU
		{973E2B01-4D4D-4139-9EAE-69B362A6BC71}.Release|iPhone.Build.0 = Release|Any CPU
		{973E2B01-4D4D-4139-9EAE-69B362A6BC71}.Release|iPhone.Deploy.0 = Release|Any CPU
		{973E2B01-4D4D-4139-9EAE-69B362A6BC71}.Release|iPhoneSimulator.ActiveCfg = Release|Any CPU
		{973E2B01-4D4D-4139-9EAE-69B362A6BC71}.Release|iPhoneSimulator.Build.0 = Release|Any CPU
		{973E2B01-4D4D-4139-9EAE-69B362A6BC71}.Release|iPhoneSimulator.Deploy.0 = Release|Any CPU
		{2F32328E-E4E8-4C7E-883B-EEDA9A641AC9}.Debug|Any CPU.ActiveCfg = Debug|iPhoneSimulator
		{2F32328E-E4E8-4C7E-883B-EEDA9A641AC9}.Debug|Any CPU.Build.0 = Debug|iPhoneSimulator
		{2F32328E-E4E8-4C7E-883B-EEDA9A641AC9}.Debug|Any CPU.Deploy.0 = Debug|iPhoneSimulator
		{2F32328E-E4E8-4C7E-883B-EEDA9A641AC9}.Debug|iPhone.ActiveCfg = Debug|iPhone
		{2F32328E-E4E8-4C7E-883B-EEDA9A641AC9}.Debug|iPhone.Build.0 = Debug|iPhone
		{2F32328E-E4E8-4C7E-883B-EEDA9A641AC9}.Debug|iPhone.Deploy.0 = Debug|iPhone
		{2F32328E-E4E8-4C7E-883B-EEDA9A641AC9}.Debug|iPhoneSimulator.ActiveCfg = Debug|iPhoneSimulator
		{2F32328E-E4E8-4C7E-883B-EEDA9A641AC9}.Debug|iPhoneSimulator.Build.0 = Debug|iPhoneSimulator
		{2F32328E-E4E8-4C7E-883B-EEDA9A641AC9}.Debug|iPhoneSimulator.Deploy.0 = Debug|iPhoneSimulator
		{2F32328E-E4E8-4C7E-883B-EEDA9A641AC9}.Release|Any CPU.ActiveCfg = Release|iPhone
		{2F32328E-E4E8-4C7E-883B-EEDA9A641AC9}.Release|Any CPU.Build.0 = Release|iPhone
		{2F32328E-E4E8-4C7E-883B-EEDA9A641AC9}.Release|Any CPU.Deploy.0 = Release|iPhone
		{2F32328E-E4E8-4C7E-883B-EEDA9A641AC9}.Release|iPhone.ActiveCfg = Release|iPhone
		{2F32328E-E4E8-4C7E-883B-EEDA9A641AC9}.Release|iPhone.Build.0 = Release|iPhone
		{2F32328E-E4E8-4C7E-883B-EEDA9A641AC9}.Release|iPhone.Deploy.0 = Release|iPhone
		{2F32328E-E4E8-4C7E-883B-EEDA9A641AC9}.Release|iPhoneSimulator.ActiveCfg = Release|iPhoneSimulator
		{2F32328E-E4E8-4C7E-883B-EEDA9A641AC9}.Release|iPhoneSimulator.Build.0 = Release|iPhoneSimulator
		{2F32328E-E4E8-4C7E-883B-EEDA9A641AC9}.Release|iPhoneSimulator.Deploy.0 = Release|iPhoneSimulator
		{B405B8FC-AB09-42BB-9172-5C9030ABF1BD}.Debug|Any CPU.ActiveCfg = Debug|Any CPU
		{B405B8FC-AB09-42BB-9172-5C9030ABF1BD}.Debug|Any CPU.Build.0 = Debug|Any CPU
		{B405B8FC-AB09-42BB-9172-5C9030ABF1BD}.Debug|Any CPU.Deploy.0 = Debug|Any CPU
		{B405B8FC-AB09-42BB-9172-5C9030ABF1BD}.Debug|iPhone.ActiveCfg = Debug|Any CPU
		{B405B8FC-AB09-42BB-9172-5C9030ABF1BD}.Debug|iPhone.Build.0 = Debug|Any CPU
		{B405B8FC-AB09-42BB-9172-5C9030ABF1BD}.Debug|iPhone.Deploy.0 = Debug|Any CPU
		{B405B8FC-AB09-42BB-9172-5C9030ABF1BD}.Debug|iPhoneSimulator.ActiveCfg = Debug|Any CPU
		{B405B8FC-AB09-42BB-9172-5C9030ABF1BD}.Debug|iPhoneSimulator.Build.0 = Debug|Any CPU
		{B405B8FC-AB09-42BB-9172-5C9030ABF1BD}.Debug|iPhoneSimulator.Deploy.0 = Debug|Any CPU
		{B405B8FC-AB09-42BB-9172-5C9030ABF1BD}.Release|Any CPU.ActiveCfg = Release|Any CPU
		{B405B8FC-AB09-42BB-9172-5C9030ABF1BD}.Release|Any CPU.Build.0 = Release|Any CPU
		{B405B8FC-AB09-42BB-9172-5C9030ABF1BD}.Release|Any CPU.Deploy.0 = Release|Any CPU
		{B405B8FC-AB09-42BB-9172-5C9030ABF1BD}.Release|iPhone.ActiveCfg = Release|Any CPU
		{B405B8FC-AB09-42BB-9172-5C9030ABF1BD}.Release|iPhone.Build.0 = Release|Any CPU
		{B405B8FC-AB09-42BB-9172-5C9030ABF1BD}.Release|iPhone.Deploy.0 = Release|Any CPU
		{B405B8FC-AB09-42BB-9172-5C9030ABF1BD}.Release|iPhoneSimulator.ActiveCfg = Release|Any CPU
		{B405B8FC-AB09-42BB-9172-5C9030ABF1BD}.Release|iPhoneSimulator.Build.0 = Release|Any CPU
		{B405B8FC-AB09-42BB-9172-5C9030ABF1BD}.Release|iPhoneSimulator.Deploy.0 = Release|Any CPU
	EndGlobalSection
	GlobalSection(SolutionProperties) = preSolution
		HideSolutionNode = FALSE
	EndGlobalSection
	GlobalSection(ExtensibilityGlobals) = postSolution
		SolutionGuid = {846721D7-E6AF-4387-8853-91D0C95D0FDF}
	EndGlobalSection
EndGlobal
